
Microsoft Visual Studio Solution File, Format Version 12.00
# Visual Studio Version 17
VisualStudioVersion = 17.5.33516.290
MinimumVisualStudioVersion = 10.0.40219.1
Project("{9A19103F-16F7-4668-BE54-9A1E7A4F7556}") = "DecoratorApp", "DecoratorApp\DecoratorApp.csproj", "{B76159F0-6F60-4419-8739-9F69900338E8}"
EndProject
Project("{FAE04EC0-301F-11D3-BF4B-00C04F79EFBC}") = "Decorator1Cafe", "Decorator1Cafe\Decorator1Cafe.csproj", "{5CCD5D11-4030-4C7F-AD04-CA63F4EC587A}"
EndProject
Project("{FAE04EC0-301F-11D3-BF4B-00C04F79EFBC}") = "Decorator2Pizza", "Decorator2Pizza\Decorator2Pizza.csproj", "{95F392BE-104B-4027-919F-0A6A16018A59}"
EndProject
Global
	GlobalSection(SolutionConfigurationPlatforms) = preSolution
		Debug|Any CPU = Debug|Any CPU
		Release|Any CPU = Release|Any CPU
	EndGlobalSection
	GlobalSection(ProjectConfigurationPlatforms) = postSolution
		{B76159F0-6F60-4419-8739-9F69900338E8}.Debug|Any CPU.ActiveCfg = Debug|Any CPU
		{B76159F0-6F60-4419-8739-9F69900338E8}.Debug|Any CPU.Build.0 = Debug|Any CPU
		{B76159F0-6F60-4419-8739-9F69900338E8}.Release|Any CPU.ActiveCfg = Release|Any CPU
		{B76159F0-6F60-4419-8739-9F69900338E8}.Release|Any CPU.Build.0 = Release|Any CPU
		{5CCD5D11-4030-4C7F-AD04-CA63F4EC587A}.Debug|Any CPU.ActiveCfg = Debug|Any CPU
		{5CCD5D11-4030-4C7F-AD04-CA63F4EC587A}.Debug|Any CPU.Build.0 = Debug|Any CPU
		{5CCD5D11-4030-4C7F-AD04-CA63F4EC587A}.Release|Any CPU.ActiveCfg = Release|Any CPU
		{5CCD5D11-4030-4C7F-AD04-CA63F4EC587A}.Release|Any CPU.Build.0 = Release|Any CPU
		{95F392BE-104B-4027-919F-0A6A16018A59}.Debug|Any CPU.ActiveCfg = Debug|Any CPU
		{95F392BE-104B-4027-919F-0A6A16018A59}.Debug|Any CPU.Build.0 = Debug|Any CPU
		{95F392BE-104B-4027-919F-0A6A16018A59}.Release|Any CPU.ActiveCfg = Release|Any CPU
		{95F392BE-104B-4027-919F-0A6A16018A59}.Release|Any CPU.Build.0 = Release|Any CPU
	EndGlobalSection
	GlobalSection(SolutionProperties) = preSolution
		HideSolutionNode = FALSE
	EndGlobalSection
	GlobalSection(ExtensibilityGlobals) = postSolution
		SolutionGuid = {EF393F44-916E-4D9C-B061-D1678BDDB84D}
	EndGlobalSection
EndGlobal
